
Microsoft Visual Studio Solution File, Format Version 12.00
# Visual Studio 11
Project("{FAE04EC0-301F-11D3-BF4B-00C04F79EFBC}") = "RMS Install", "RMS Install\RMS Install.csproj", "{1C81010C-169E-49C4-833A-B5857F0010CB}"
EndProject
Global
	GlobalSection(SolutionConfigurationPlatforms) = preSolution
		Debug|Any CPU = Debug|Any CPU
		Release|Any CPU = Release|Any CPU
	EndGlobalSection
	GlobalSection(ProjectConfigurationPlatforms) = postSolution
		{1C81010C-169E-49C4-833A-B5857F0010CB}.Debug|Any CPU.ActiveCfg = Release|Any CPU
		{1C81010C-169E-49C4-833A-B5857F0010CB}.Debug|Any CPU.Build.0 = Release|Any CPU
		{1C81010C-169E-49C4-833A-B5857F0010CB}.Release|Any CPU.ActiveCfg = Release|Any CPU
		{1C81010C-169E-49C4-833A-B5857F0010CB}.Release|Any CPU.Build.0 = Release|Any CPU
	EndGlobalSection
	GlobalSection(SolutionProperties) = preSolution
		HideSolutionNode = FALSE
	EndGlobalSection
EndGlobal
